
Microsoft Visual Studio Solution File, Format Version 12.00
# Visual Studio 15
VisualStudioVersion = 15.0.28307.1525
MinimumVisualStudioVersion = 10.0.40219.1
Project("{FAE04EC0-301F-11D3-BF4B-00C04F79EFBC}") = "CSF1HomeWork", "CSF1HomeWork\CSF1HomeWork.csproj", "{EE65FA0D-50A4-42A9-8E79-ABE55A5C0891}"
EndProject
Project("{FAE04EC0-301F-11D3-BF4B-00C04F79EFBC}") = "FruitLoops", "FruitLoops\FruitLoops.csproj", "{CD083F96-C0DB-4D89-8FD1-6327C4AF9BCF}"
EndProject
Project("{FAE04EC0-301F-11D3-BF4B-00C04F79EFBC}") = "MadLib", "MadLib\MadLib.csproj", "{A916381E-F418-43CC-A9A0-31549C233C7D}"
EndProject
Project("{FAE04EC0-301F-11D3-BF4B-00C04F79EFBC}") = "TempConverter", "TempConverter\TempConverter.csproj", "{7039E5E6-A38F-4C25-9C45-687DF493B5F9}"
EndProject
Global
	GlobalSection(SolutionConfigurationPlatforms) = preSolution
		Debug|Any CPU = Debug|Any CPU
		Release|Any CPU = Release|Any CPU
	EndGlobalSection
	GlobalSection(ProjectConfigurationPlatforms) = postSolution
		{EE65FA0D-50A4-42A9-8E79-ABE55A5C0891}.Debug|Any CPU.ActiveCfg = Debug|Any CPU
		{EE65FA0D-50A4-42A9-8E79-ABE55A5C0891}.Debug|Any CPU.Build.0 = Debug|Any CPU
		{EE65FA0D-50A4-42A9-8E79-ABE55A5C0891}.Release|Any CPU.ActiveCfg = Release|Any CPU
		{EE65FA0D-50A4-42A9-8E79-ABE55A5C0891}.Release|Any CPU.Build.0 = Release|Any CPU
		{CD083F96-C0DB-4D89-8FD1-6327C4AF9BCF}.Debug|Any CPU.ActiveCfg = Debug|Any CPU
		{CD083F96-C0DB-4D89-8FD1-6327C4AF9BCF}.Debug|Any CPU.Build.0 = Debug|Any CPU
		{CD083F96-C0DB-4D89-8FD1-6327C4AF9BCF}.Release|Any CPU.ActiveCfg = Release|Any CPU
		{CD083F96-C0DB-4D89-8FD1-6327C4AF9BCF}.Release|Any CPU.Build.0 = Release|Any CPU
		{A916381E-F418-43CC-A9A0-31549C233C7D}.Debug|Any CPU.ActiveCfg = Debug|Any CPU
		{A916381E-F418-43CC-A9A0-31549C233C7D}.Debug|Any CPU.Build.0 = Debug|Any CPU
		{A916381E-F418-43CC-A9A0-31549C233C7D}.Release|Any CPU.ActiveCfg = Release|Any CPU
		{A916381E-F418-43CC-A9A0-31549C233C7D}.Release|Any CPU.Build.0 = Release|Any CPU
		{7039E5E6-A38F-4C25-9C45-687DF493B5F9}.Debug|Any CPU.ActiveCfg = Debug|Any CPU
		{7039E5E6-A38F-4C25-9C45-687DF493B5F9}.Debug|Any CPU.Build.0 = Debug|Any CPU
		{7039E5E6-A38F-4C25-9C45-687DF493B5F9}.Release|Any CPU.ActiveCfg = Release|Any CPU
		{7039E5E6-A38F-4C25-9C45-687DF493B5F9}.Release|Any CPU.Build.0 = Release|Any CPU
	EndGlobalSection
	GlobalSection(SolutionProperties) = preSolution
		HideSolutionNode = FALSE
	EndGlobalSection
	GlobalSection(ExtensibilityGlobals) = postSolution
		SolutionGuid = {BA7A9A66-FD4D-4B72-B9C3-8FDBEF1A011E}
	EndGlobalSection
EndGlobal
